// !$*UTF8*$!
{
	archiveVersion = 1;
	classes = {
	};
	objectVersion = 46;
	objects = {

/* Begin PBXBuildFile section */
		967455681EDFC9130010CE2C /* ChatLogController.swift in Sources */ = {isa = PBXBuildFile; fileRef = 967455671EDFC9130010CE2C /* ChatLogController.swift */; };
		9674556A1EDFD5910010CE2C /* CustomTabbarController.swift in Sources */ = {isa = PBXBuildFile; fileRef = 967455691EDFD5910010CE2C /* CustomTabbarController.swift */; };
		96988E9A1EDDD5CA0098F653 /* AppDelegate.swift in Sources */ = {isa = PBXBuildFile; fileRef = 96988E991EDDD5CA0098F653 /* AppDelegate.swift */; };
		96988E9C1EDDD5CA0098F653 /* FriendsController.swift in Sources */ = {isa = PBXBuildFile; fileRef = 96988E9B1EDDD5CA0098F653 /* FriendsController.swift */; };
		96988EA21EDDD5CA0098F653 /* fbMessenger.xcdatamodeld in Sources */ = {isa = PBXBuildFile; fileRef = 96988EA01EDDD5CA0098F653 /* fbMessenger.xcdatamodeld */; };
		96988EA41EDDD5CA0098F653 /* Assets.xcassets in Resources */ = {isa = PBXBuildFile; fileRef = 96988EA31EDDD5CA0098F653 /* Assets.xcassets */; };
		96988EA71EDDD5CA0098F653 /* LaunchScreen.storyboard in Resources */ = {isa = PBXBuildFile; fileRef = 96988EA51EDDD5CA0098F653 /* LaunchScreen.storyboard */; };
		96988EAF1EDDD6330098F653 /* Extensions.swift in Sources */ = {isa = PBXBuildFile; fileRef = 96988EAE1EDDD6330098F653 /* Extensions.swift */; };
		96988EB11EDDD6520098F653 /* FriendsControllerHelper.swift in Sources */ = {isa = PBXBuildFile; fileRef = 96988EB01EDDD6520098F653 /* FriendsControllerHelper.swift */; };
/* End PBXBuildFile section */

/* Begin PBXFileReference section */
		967455671EDFC9130010CE2C /* ChatLogController.swift */ = {isa = PBXFileReference; fileEncoding = 4; lastKnownFileType = sourcecode.swift; path = ChatLogController.swift; sourceTree = "<group>"; };
		967455691EDFD5910010CE2C /* CustomTabbarController.swift */ = {isa = PBXFileReference; fileEncoding = 4; lastKnownFileType = sourcecode.swift; path = CustomTabbarController.swift; sourceTree = "<group>"; };
		96988E961EDDD5CA0098F653 /* fbMessenger.app */ = {isa = PBXFileReference; explicitFileType = wrapper.application; includeInIndex = 0; path = fbMessenger.app; sourceTree = BUILT_PRODUCTS_DIR; };
		96988E991EDDD5CA0098F653 /* AppDelegate.swift */ = {isa = PBXFileReference; lastKnownFileType = sourcecode.swift; path = AppDelegate.swift; sourceTree = "<group>"; };
		96988E9B1EDDD5CA0098F653 /* FriendsController.swift */ = {isa = PBXFileReference; lastKnownFileType = sourcecode.swift; path = FriendsController.swift; sourceTree = "<group>"; };
		96988EA11EDDD5CA0098F653 /* fbMessenger.xcdatamodel */ = {isa = PBXFileReference; lastKnownFileType = wrapper.xcdatamodel; path = fbMessenger.xcdatamodel; sourceTree = "<group>"; };
		96988EA31EDDD5CA0098F653 /* Assets.xcassets */ = {isa = PBXFileReference; lastKnownFileType = folder.assetcatalog; path = Assets.xcassets; sourceTree = "<group>"; };
		96988EA61EDDD5CA0098F653 /* Base */ = {isa = PBXFileReference; lastKnownFileType = file.storyboard; name = Base; path = Base.lproj/LaunchScreen.storyboard; sourceTree = "<group>"; };
		96988EA81EDDD5CA0098F653 /* Info.plist */ = {isa = PBXFileReference; lastKnownFileType = text.plist.xml; path = Info.plist; sourceTree = "<group>"; };
		96988EAE1EDDD6330098F653 /* Extensions.swift */ = {isa = PBXFileReference; fileEncoding = 4; lastKnownFileType = sourcecode.swift; path = Extensions.swift; sourceTree = "<group>"; };
		96988EB01EDDD6520098F653 /* FriendsControllerHelper.swift */ = {isa = PBXFileReference; fileEncoding = 4; lastKnownFileType = sourcecode.swift; path = FriendsControllerHelper.swift; sourceTree = "<group>"; };
/* End PBXFileReference section */

/* Begin PBXFrameworksBuildPhase section */
		96988E931EDDD5CA0098F653 /* Frameworks */ = {
			isa = PBXFrameworksBuildPhase;
			buildActionMask = 2147483647;
			files = (
			);
			runOnlyForDeploymentPostprocessing = 0;
		};
/* End PBXFrameworksBuildPhase section */

/* Begin PBXGroup section */
		96988E8D1EDDD5CA0098F653 = {
			isa = PBXGroup;
			children = (
				96988E981EDDD5CA0098F653 /* fbMessenger */,
				96988E971EDDD5CA0098F653 /* Products */,
			);
			sourceTree = "<group>";
		};
		96988E971EDDD5CA0098F653 /* Products */ = {
			isa = PBXGroup;
			children = (
				96988E961EDDD5CA0098F653 /* fbMessenger.app */,
			);
			name = Products;
			sourceTree = "<group>";
		};
		96988E981EDDD5CA0098F653 /* fbMessenger */ = {
			isa = PBXGroup;
			children = (
				96988E991EDDD5CA0098F653 /* AppDelegate.swift */,
				96988E9B1EDDD5CA0098F653 /* FriendsController.swift */,
				967455691EDFD5910010CE2C /* CustomTabbarController.swift */,
				96988EAE1EDDD6330098F653 /* Extensions.swift */,
				967455671EDFC9130010CE2C /* ChatLogController.swift */,
				96988EB01EDDD6520098F653 /* FriendsControllerHelper.swift */,
				96988EA31EDDD5CA0098F653 /* Assets.xcassets */,
				96988EA51EDDD5CA0098F653 /* LaunchScreen.storyboard */,
				96988EA81EDDD5CA0098F653 /* Info.plist */,
				96988EA01EDDD5CA0098F653 /* fbMessenger.xcdatamodeld */,
			);
			path = fbMessenger;
			sourceTree = "<group>";
		};
/* End PBXGroup section */

/* Begin PBXNativeTarget section */
		96988E951EDDD5CA0098F653 /* fbMessenger */ = {
			isa = PBXNativeTarget;
			buildConfigurationList = 96988EAB1EDDD5CA0098F653 /* Build configuration list for PBXNativeTarget "fbMessenger" */;
			buildPhases = (
				96988E921EDDD5CA0098F653 /* Sources */,
				96988E931EDDD5CA0098F653 /* Frameworks */,
				96988E941EDDD5CA0098F653 /* Resources */,
			);
			buildRules = (
			);
			dependencies = (
			);
			name = fbMessenger;
			productName = fbMessenger;
			productReference = 96988E961EDDD5CA0098F653 /* fbMessenger.app */;
			productType = "com.apple.product-type.application";
		};
/* End PBXNativeTarget section */

/* Begin PBXProject section */
		96988E8E1EDDD5CA0098F653 /* Project object */ = {
			isa = PBXProject;
			attributes = {
				LastSwiftUpdateCheck = 0830;
				LastUpgradeCheck = 0830;
				ORGANIZATIONNAME = VamshiKrishna;
				TargetAttributes = {
					96988E951EDDD5CA0098F653 = {
						CreatedOnToolsVersion = 8.3.2;
						DevelopmentTeam = BJBC582Q56;
						ProvisioningStyle = Automatic;
					};
				};
			};
			buildConfigurationList = 96988E911EDDD5CA0098F653 /* Build configuration list for PBXProject "fbMessenger" */;
			compatibilityVersion = "Xcode 3.2";
			developmentRegion = English;
			hasScannedForEncodings = 0;
			knownRegions = (
				en,
				Base,
			);
			mainGroup = 96988E8D1EDDD5CA0098F653;
			productRefGroup = 96988E971EDDD5CA0098F653 /* Products */;
			projectDirPath = "";
			projectRoot = "";
			targets = (
				96988E951EDDD5CA0098F653 /* fbMessenger */,
			);
		};
/* End PBXProject section */

/* Begin PBXResourcesBuildPhase section */
		96988E941EDDD5CA0098F653 /* Resources */ = {
			isa = PBXResourcesBuildPhase;
			buildActionMask = 2147483647;
			files = (
				96988EA71EDDD5CA0098F653 /* LaunchScreen.storyboard in Resources */,
				96988EA41EDDD5CA0098F653 /* Assets.xcassets in Resources */,
			);
			runOnlyForDeploymentPostprocessing = 0;
		};
/* End PBXResourcesBuildPhase section */

/* Begin PBXSourcesBuildPhase section */
		96988E921EDDD5CA0098F653 /* Sources */ = {
			isa = PBXSourcesBuildPhase;
			buildActionMask = 2147483647;
			files = (
				967455681EDFC9130010CE2C /* ChatLogController.swift in Sources */,
				96988E9C1EDDD5CA0098F653 /* FriendsController.swift in Sources */,
				96988EA21EDDD5CA0098F653 /* fbMessenger.xcdatamodeld in Sources */,
				96988E9A1EDDD5CA0098F653 /* AppDelegate.swift in Sources */,
				9674556A1EDFD5910010CE2C /* CustomTabbarController.swift in Sources */,
				96988EAF1EDDD6330098F653 /* Extensions.swift in Sources */,
				96988EB11EDDD6520098F653 /* FriendsControllerHelper.swift in Sources */,
			);
			runOnlyForDeploymentPostprocessing = 0;
		};
/* End PBXSourcesBuildPhase section */

/* Begin PBXVariantGroup section */
		96988EA51EDDD5CA0098F653 /* LaunchScreen.storyboard */ = {
			isa = PBXVariantGroup;
			children = (
				96988EA61EDDD5CA0098F653 /* Base */,
			);
			name = LaunchScreen.storyboard;
			sourceTree = "<group>";
		};
/* End PBXVariantGroup section */

/* Begin XCBuildConfiguration section */
		96988EA91EDDD5CA0098F653 /* Debug */ = {
			isa = XCBuildConfiguration;
			buildSettings = {
				ALWAYS_SEARCH_USER_PATHS = NO;
				CLANG_ANALYZER_NONNULL = YES;
				CLANG_ANALYZER_NUMBER_OBJECT_CONVERSION = YES_AGGRESSIVE;
				CLANG_CXX_LANGUAGE_STANDARD = "gnu++0x";
				CLANG_CXX_LIBRARY = "libc++";
				CLANG_ENABLE_MODULES = YES;
				CLANG_ENABLE_OBJC_ARC = YES;
				CLANG_WARN_BOOL_CONVERSION = YES;
				CLANG_WARN_CONSTANT_CONVERSION = YES;
				CLANG_WARN_DIRECT_OBJC_ISA_USAGE = YES_ERROR;
				CLANG_WARN_DOCUMENTATION_COMMENTS = YES;
				CLANG_WARN_EMPTY_BODY = YES;
				CLANG_WARN_ENUM_CONVERSION = YES;
				CLANG_WARN_INFINITE_RECURSION = YES;
				CLANG_WARN_INT_CONVERSION = YES;
				CLANG_WARN_OBJC_ROOT_CLASS = YES_ERROR;
				CLANG_WARN_SUSPICIOUS_MOVE = YES;
				CLANG_WARN_UNREACHABLE_CODE = YES;
				CLANG_WARN__DUPLICATE_METHOD_MATCH = YES;
				"CODE_SIGN_IDENTITY[sdk=iphoneos*]" = "iPhone Developer";
				COPY_PHASE_STRIP = NO;
				DEBUG_INFORMATION_FORMAT = dwarf;
				ENABLE_STRICT_OBJC_MSGSEND = YES;
				ENABLE_TESTABILITY = YES;
				GCC_C_LANGUAGE_STANDARD = gnu99;
				GCC_DYNAMIC_NO_PIC = NO;
				GCC_NO_COMMON_BLOCKS = YES;
				GCC_OPTIMIZATION_LEVEL = 0;
				GCC_PREPROCESSOR_DEFINITIONS = (
					"DEBUG=1",
					"$(inherited)",
				);
				GCC_WARN_64_TO_32_BIT_CONVERSION = YES;
				GCC_WARN_ABOUT_RETURN_TYPE = YES_ERROR;
				GCC_WARN_UNDECLARED_SELECTOR = YES;
				GCC_WARN_UNINITIALIZED_AUTOS = YES_AGGRESSIVE;
				GCC_WARN_UNUSED_FUNCTION = YES;
				GCC_WARN_UNUSED_VARIABLE = YES;
				IPHONEOS_DEPLOYMENT_TARGET = 10.3;
				MTL_ENABLE_DEBUG_INFO = YES;
				ONLY_ACTIVE_ARCH = YES;
				SDKROOT = iphoneos;
				SWIFT_ACTIVE_COMPILATION_CONDITIONS = DEBUG;
				SWIFT_OPTIMIZATION_LEVEL = "-Onone";
			};
			name = Debug;
		};
		96988EAA1EDDD5CA0098F653 /* Release */ = {
			isa = XCBuildConfiguration;
			buildSettings = {
				ALWAYS_SEARCH_USER_PATHS = NO;
				CLANG_ANALYZER_NONNULL = YES;
				CLANG_ANALYZER_NUMBER_OBJECT_CONVERSION = YES_AGGRESSIVE;
				CLANG_CXX_LANGUAGE_STANDARD = "gnu++0x";
				CLANG_CXX_LIBRARY = "libc++";
				CLANG_ENABLE_MODULES = YES;
				CLANG_ENABLE_OBJC_ARC = YES;
				CLANG_WARN_BOOL_CONVERSION = YES;
				CLANG_WARN_CONSTANT_CONVERSION = YES;
				CLANG_WARN_DIRECT_OBJC_ISA_USAGE = YES_ERROR;
				CLANG_WARN_DOCUMENTATION_COMMENTS = YES;
				CLANG_WARN_EMPTY_BODY = YES;
				CLANG_WARN_ENUM_CONVERSION = YES;
				CLANG_WARN_INFINITE_RECURSION = YES;
				CLANG_WARN_INT_CONVERSION = YES;
				CLANG_WARN_OBJC_ROOT_CLASS = YES_ERROR;
				CLANG_WARN_SUSPICIOUS_MOVE = YES;
				CLANG_WARN_UNREACHABLE_CODE = YES;
				CLANG_WARN__DUPLICATE_METHOD_MATCH = YES;
				"CODE_SIGN_IDENTITY[sdk=iphoneos*]" = "iPhone Developer";
				COPY_PHASE_STRIP = NO;
				DEBUG_INFORMATION_FORMAT = "dwarf-with-dsym";
				ENABLE_NS_ASSERTIONS = NO;
				ENABLE_STRICT_OBJC_MSGSEND = YES;
				GCC_C_LANGUAGE_STANDARD = gnu99;
				GCC_NO_COMMON_BLOCKS = YES;
				GCC_WARN_64_TO_32_BIT_CONVERSION = YES;
				GCC_WARN_ABOUT_RETURN_TYPE = YES_ERROR;
				GCC_WARN_UNDECLARED_SELECTOR = YES;
				GCC_WARN_UNINITIALIZED_AUTOS = YES_AGGRESSIVE;
				GCC_WARN_UNUSED_FUNCTION = YES;
				GCC_WARN_UNUSED_VARIABLE = YES;
				IPHONEOS_DEPLOYMENT_TARGET = 10.3;
				MTL_ENABLE_DEBUG_INFO = NO;
				SDKROOT = iphoneos;
				SWIFT_OPTIMIZATION_LEVEL = "-Owholemodule";
				VALIDATE_PRODUCT = YES;
			};
			name = Release;
		};
		96988EAC1EDDD5CA0098F653 /* Debug */ = {
			isa = XCBuildConfiguration;
			buildSettings = {
				ASSETCATALOG_COMPILER_APPICON_NAME = AppIcon;
				DEVELOPMENT_TEAM = BJBC582Q56;
				INFOPLIST_FILE = fbMessenger/Info.plist;
				LD_RUNPATH_SEARCH_PATHS = "$(inherited) @executable_path/Frameworks";
				PRODUCT_BUNDLE_IDENTIFIER = VamshiKrishna.fbMessenger;
				PRODUCT_NAME = "$(TARGET_NAME)";
				SWIFT_VERSION = 3.0;
			};
			name = Debug;
		};
		96988EAD1EDDD5CA0098F653 /* Release */ = {
			isa = XCBuildConfiguration;
			buildSettings = {
				ASSETCATALOG_COMPILER_APPICON_NAME = AppIcon;
				DEVELOPMENT_TEAM = BJBC582Q56;
				INFOPLIST_FILE = fbMessenger/Info.plist;
				LD_RUNPATH_SEARCH_PATHS = "$(inherited) @executable_path/Frameworks";
				PRODUCT_BUNDLE_IDENTIFIER = VamshiKrishna.fbMessenger;
				PRODUCT_NAME = "$(TARGET_NAME)";
				SWIFT_VERSION = 3.0;
			};
			name = Release;
		};
/* End XCBuildConfiguration section */

/* Begin XCConfigurationList section */
		96988E911EDDD5CA0098F653 /* Build configuration list for PBXProject "fbMessenger" */ = {
			isa = XCConfigurationList;
			buildConfigurations = (
				96988EA91EDDD5CA0098F653 /* Debug */,
				96988EAA1EDDD5CA0098F653 /* Release */,
			);
			defaultConfigurationIsVisible = 0;
			defaultConfigurationName = Release;
		};
		96988EAB1EDDD5CA0098F653 /* Build configuration list for PBXNativeTarget "fbMessenger" */ = {
			isa = XCConfigurationList;
			buildConfigurations = (
				96988EAC1EDDD5CA0098F653 /* Debug */,
				96988EAD1EDDD5CA0098F653 /* Release */,
			);
			defaultConfigurationIsVisible = 0;
			defaultConfigurationName = Release;
		};
/* End XCConfigurationList section */

/* Begin XCVersionGroup section */
		96988EA01EDDD5CA0098F653 /* fbMessenger.xcdatamodeld */ = {
			isa = XCVersionGroup;
			children = (
				96988EA11EDDD5CA0098F653 /* fbMessenger.xcdatamodel */,
			);
			currentVersion = 96988EA11EDDD5CA0098F653 /* fbMessenger.xcdatamodel */;
			path = fbMessenger.xcdatamodeld;
			sourceTree = "<group>";
			versionGroupType = wrapper.xcdatamodel;
		};
/* End XCVersionGroup section */
	};
	rootObject = 96988E8E1EDDD5CA0098F653 /* Project object */;
}
